
Microsoft Visual Studio Solution File, Format Version 12.00
# Visual Studio Version 17
VisualStudioVersion = 17.10.35013.160
MinimumVisualStudioVersion = 10.0.40219.1
Project("{FAE04EC0-301F-11D3-BF4B-00C04F79EFBC}") = "MyBarBer", "MyBarBer\MyBarBer.csproj", "{F1D3877F-2568-4670-9405-39B28AE68BF0}"
EndProject
Global
	GlobalSection(SolutionConfigurationPlatforms) = preSolution
		Debug|Any CPU = Debug|Any CPU
		Release|Any CPU = Release|Any CPU
	EndGlobalSection
	GlobalSection(ProjectConfigurationPlatforms) = postSolution
		{F1D3877F-2568-4670-9405-39B28AE68BF0}.Debug|Any CPU.ActiveCfg = Debug|Any CPU
		{F1D3877F-2568-4670-9405-39B28AE68BF0}.Debug|Any CPU.Build.0 = Debug|Any CPU
		{F1D3877F-2568-4670-9405-39B28AE68BF0}.Release|Any CPU.ActiveCfg = Release|Any CPU
		{F1D3877F-2568-4670-9405-39B28AE68BF0}.Release|Any CPU.Build.0 = Release|Any CPU
	EndGlobalSection
	GlobalSection(SolutionProperties) = preSolution
		HideSolutionNode = FALSE
	EndGlobalSection
	GlobalSection(ExtensibilityGlobals) = postSolution
		SolutionGuid = {18A32EB0-ABAC-4149-8C27-A834DDE2957A}
	EndGlobalSection
EndGlobal
